// !$*UTF8*$!
{
	archiveVersion = 1;
	classes = {
	};
	objectVersion = 46;
	objects = {

/* Begin PBXBuildFile section */
		09C4C7B11E43E5EA00183551 /* AppDelegate.swift in Sources */ = {isa = PBXBuildFile; fileRef = 09C4C7B01E43E5EA00183551 /* AppDelegate.swift */; };
		09C4C7B31E43E5EA00183551 /* ViewController.swift in Sources */ = {isa = PBXBuildFile; fileRef = 09C4C7B21E43E5EA00183551 /* ViewController.swift */; };
		09C4C7B61E43E5EA00183551 /* Main.storyboard in Resources */ = {isa = PBXBuildFile; fileRef = 09C4C7B41E43E5EA00183551 /* Main.storyboard */; };
		09C4C7B81E43E5EA00183551 /* Assets.xcassets in Resources */ = {isa = PBXBuildFile; fileRef = 09C4C7B71E43E5EA00183551 /* Assets.xcassets */; };
		09C4C7BB1E43E5EA00183551 /* LaunchScreen.storyboard in Resources */ = {isa = PBXBuildFile; fileRef = 09C4C7B91E43E5EA00183551 /* LaunchScreen.storyboard */; };
		09C4C7C61E43E5EA00183551 /* CMMS_AppTests.swift in Sources */ = {isa = PBXBuildFile; fileRef = 09C4C7C51E43E5EA00183551 /* CMMS_AppTests.swift */; };
		09E0C53F1E4A92DB00E50524 /* GoogleService-Info.plist in Resources */ = {isa = PBXBuildFile; fileRef = 09E0C53E1E4A92DB00E50524 /* GoogleService-Info.plist */; };
		1A320BBC400FF99556736E06 /* Pods_CMMS_AppTests.framework in Frameworks */ = {isa = PBXBuildFile; fileRef = 78C9DA20B67D597393A11C8C /* Pods_CMMS_AppTests.framework */; };
		DBFC1554C0AF657D8E86CBF9 /* Pods_CMMS_App.framework in Frameworks */ = {isa = PBXBuildFile; fileRef = B6A7F9938CD081EDC4BE9D37 /* Pods_CMMS_App.framework */; };
/* End PBXBuildFile section */

/* Begin PBXContainerItemProxy section */
		09C4C7C21E43E5EA00183551 /* PBXContainerItemProxy */ = {
			isa = PBXContainerItemProxy;
			containerPortal = 09C4C7A51E43E5EA00183551 /* Project object */;
			proxyType = 1;
			remoteGlobalIDString = 09C4C7AC1E43E5EA00183551;
			remoteInfo = "CMMS App";
		};
/* End PBXContainerItemProxy section */

/* Begin PBXFileReference section */
		09C4C7AD1E43E5EA00183551 /* CMMS App.app */ = {isa = PBXFileReference; explicitFileType = wrapper.application; includeInIndex = 0; path = "CMMS App.app"; sourceTree = BUILT_PRODUCTS_DIR; };
		09C4C7B01E43E5EA00183551 /* AppDelegate.swift */ = {isa = PBXFileReference; lastKnownFileType = sourcecode.swift; path = AppDelegate.swift; sourceTree = "<group>"; };
		09C4C7B21E43E5EA00183551 /* ViewController.swift */ = {isa = PBXFileReference; lastKnownFileType = sourcecode.swift; path = ViewController.swift; sourceTree = "<group>"; };
		09C4C7B51E43E5EA00183551 /* Base */ = {isa = PBXFileReference; lastKnownFileType = file.storyboard; name = Base; path = Base.lproj/Main.storyboard; sourceTree = "<group>"; };
		09C4C7B71E43E5EA00183551 /* Assets.xcassets */ = {isa = PBXFileReference; lastKnownFileType = folder.assetcatalog; path = Assets.xcassets; sourceTree = "<group>"; };
		09C4C7BA1E43E5EA00183551 /* Base */ = {isa = PBXFileReference; lastKnownFileType = file.storyboard; name = Base; path = Base.lproj/LaunchScreen.storyboard; sourceTree = "<group>"; };
		09C4C7BC1E43E5EA00183551 /* Info.plist */ = {isa = PBXFileReference; lastKnownFileType = text.plist.xml; path = Info.plist; sourceTree = "<group>"; };
		09C4C7C11E43E5EA00183551 /* CMMS AppTests.xctest */ = {isa = PBXFileReference; explicitFileType = wrapper.cfbundle; includeInIndex = 0; path = "CMMS AppTests.xctest"; sourceTree = BUILT_PRODUCTS_DIR; };
		09C4C7C51E43E5EA00183551 /* CMMS_AppTests.swift */ = {isa = PBXFileReference; lastKnownFileType = sourcecode.swift; path = CMMS_AppTests.swift; sourceTree = "<group>"; };
		09C4C7C71E43E5EA00183551 /* Info.plist */ = {isa = PBXFileReference; lastKnownFileType = text.plist.xml; path = Info.plist; sourceTree = "<group>"; };
		09E0C53E1E4A92DB00E50524 /* GoogleService-Info.plist */ = {isa = PBXFileReference; fileEncoding = 4; lastKnownFileType = text.plist.xml; path = "GoogleService-Info.plist"; sourceTree = "<group>"; };
		2DCBF331F4EBDF2AD41D737E /* Pods-CMMS App.debug.xcconfig */ = {isa = PBXFileReference; includeInIndex = 1; lastKnownFileType = text.xcconfig; name = "Pods-CMMS App.debug.xcconfig"; path = "Pods/Target Support Files/Pods-CMMS App/Pods-CMMS App.debug.xcconfig"; sourceTree = "<group>"; };
		6CEC3952512077F60A3AC5DD /* Pods-CMMS App.release.xcconfig */ = {isa = PBXFileReference; includeInIndex = 1; lastKnownFileType = text.xcconfig; name = "Pods-CMMS App.release.xcconfig"; path = "Pods/Target Support Files/Pods-CMMS App/Pods-CMMS App.release.xcconfig"; sourceTree = "<group>"; };
		73048C5CA1DE168F5A6CDE08 /* Pods-CMMS AppTests.release.xcconfig */ = {isa = PBXFileReference; includeInIndex = 1; lastKnownFileType = text.xcconfig; name = "Pods-CMMS AppTests.release.xcconfig"; path = "Pods/Target Support Files/Pods-CMMS AppTests/Pods-CMMS AppTests.release.xcconfig"; sourceTree = "<group>"; };
		78C9DA20B67D597393A11C8C /* Pods_CMMS_AppTests.framework */ = {isa = PBXFileReference; explicitFileType = wrapper.framework; includeInIndex = 0; path = Pods_CMMS_AppTests.framework; sourceTree = BUILT_PRODUCTS_DIR; };
		B6A7F9938CD081EDC4BE9D37 /* Pods_CMMS_App.framework */ = {isa = PBXFileReference; explicitFileType = wrapper.framework; includeInIndex = 0; path = Pods_CMMS_App.framework; sourceTree = BUILT_PRODUCTS_DIR; };
		DD2154EC66E0BBF17AF65C2E /* Pods-CMMS AppTests.debug.xcconfig */ = {isa = PBXFileReference; includeInIndex = 1; lastKnownFileType = text.xcconfig; name = "Pods-CMMS AppTests.debug.xcconfig"; path = "Pods/Target Support Files/Pods-CMMS AppTests/Pods-CMMS AppTests.debug.xcconfig"; sourceTree = "<group>"; };
/* End PBXFileReference section */

/* Begin PBXFrameworksBuildPhase section */
		09C4C7AA1E43E5EA00183551 /* Frameworks */ = {
			isa = PBXFrameworksBuildPhase;
			buildActionMask = 2147483647;
			files = (
				DBFC1554C0AF657D8E86CBF9 /* Pods_CMMS_App.framework in Frameworks */,
			);
			runOnlyForDeploymentPostprocessing = 0;
		};
		09C4C7BE1E43E5EA00183551 /* Frameworks */ = {
			isa = PBXFrameworksBuildPhase;
			buildActionMask = 2147483647;
			files = (
				1A320BBC400FF99556736E06 /* Pods_CMMS_AppTests.framework in Frameworks */,
			);
			runOnlyForDeploymentPostprocessing = 0;
		};
/* End PBXFrameworksBuildPhase section */

/* Begin PBXGroup section */
		09C4C7A41E43E5EA00183551 = {
			isa = PBXGroup;
			children = (
				09C4C7AF1E43E5EA00183551 /* CMMS App */,
				09C4C7C41E43E5EA00183551 /* CMMS AppTests */,
				09C4C7AE1E43E5EA00183551 /* Products */,
				753CC6A9685C54FA59F7A6D3 /* Pods */,
				2DAFF322ABADE5CF7770F710 /* Frameworks */,
			);
			sourceTree = "<group>";
		};
		09C4C7AE1E43E5EA00183551 /* Products */ = {
			isa = PBXGroup;
			children = (
				09C4C7AD1E43E5EA00183551 /* CMMS App.app */,
				09C4C7C11E43E5EA00183551 /* CMMS AppTests.xctest */,
			);
			name = Products;
			sourceTree = "<group>";
		};
		09C4C7AF1E43E5EA00183551 /* CMMS App */ = {
			isa = PBXGroup;
			children = (
				09C4C7B01E43E5EA00183551 /* AppDelegate.swift */,
				09C4C7B21E43E5EA00183551 /* ViewController.swift */,
				09C4C7B41E43E5EA00183551 /* Main.storyboard */,
				09C4C7B71E43E5EA00183551 /* Assets.xcassets */,
				09C4C7B91E43E5EA00183551 /* LaunchScreen.storyboard */,
				09C4C7BC1E43E5EA00183551 /* Info.plist */,
				09E0C53E1E4A92DB00E50524 /* GoogleService-Info.plist */,
			);
			path = "CMMS App";
			sourceTree = "<group>";
		};
		09C4C7C41E43E5EA00183551 /* CMMS AppTests */ = {
			isa = PBXGroup;
			children = (
				09C4C7C51E43E5EA00183551 /* CMMS_AppTests.swift */,
				09C4C7C71E43E5EA00183551 /* Info.plist */,
			);
			path = "CMMS AppTests";
			sourceTree = "<group>";
		};
		2DAFF322ABADE5CF7770F710 /* Frameworks */ = {
			isa = PBXGroup;
			children = (
				B6A7F9938CD081EDC4BE9D37 /* Pods_CMMS_App.framework */,
				78C9DA20B67D597393A11C8C /* Pods_CMMS_AppTests.framework */,
			);
			name = Frameworks;
			sourceTree = "<group>";
		};
		753CC6A9685C54FA59F7A6D3 /* Pods */ = {
			isa = PBXGroup;
			children = (
				2DCBF331F4EBDF2AD41D737E /* Pods-CMMS App.debug.xcconfig */,
				6CEC3952512077F60A3AC5DD /* Pods-CMMS App.release.xcconfig */,
				DD2154EC66E0BBF17AF65C2E /* Pods-CMMS AppTests.debug.xcconfig */,
				73048C5CA1DE168F5A6CDE08 /* Pods-CMMS AppTests.release.xcconfig */,
			);
			name = Pods;
			sourceTree = "<group>";
		};
/* End PBXGroup section */

/* Begin PBXNativeTarget section */
		09C4C7AC1E43E5EA00183551 /* CMMS App */ = {
			isa = PBXNativeTarget;
			buildConfigurationList = 09C4C7CA1E43E5EA00183551 /* Build configuration list for PBXNativeTarget "CMMS App" */;
			buildPhases = (
				7A130AE00D462797D9F20DD4 /* [CP] Check Pods Manifest.lock */,
				09C4C7A91E43E5EA00183551 /* Sources */,
				09C4C7AA1E43E5EA00183551 /* Frameworks */,
				09C4C7AB1E43E5EA00183551 /* Resources */,
				2743EB423BBDB793F026C1D9 /* [CP] Embed Pods Frameworks */,
				72BBCC870E446512F2C83BFC /* [CP] Copy Pods Resources */,
			);
			buildRules = (
			);
			dependencies = (
			);
			name = "CMMS App";
			productName = "CMMS App";
			productReference = 09C4C7AD1E43E5EA00183551 /* CMMS App.app */;
			productType = "com.apple.product-type.application";
		};
		09C4C7C01E43E5EA00183551 /* CMMS AppTests */ = {
			isa = PBXNativeTarget;
			buildConfigurationList = 09C4C7CD1E43E5EA00183551 /* Build configuration list for PBXNativeTarget "CMMS AppTests" */;
			buildPhases = (
				578DE94E9F62E4DCAD0E386D /* [CP] Check Pods Manifest.lock */,
				09C4C7BD1E43E5EA00183551 /* Sources */,
				09C4C7BE1E43E5EA00183551 /* Frameworks */,
				09C4C7BF1E43E5EA00183551 /* Resources */,
				819F766AD32DCBB3C019D70A /* [CP] Embed Pods Frameworks */,
				2CC724CF1E61113CCC8FA180 /* [CP] Copy Pods Resources */,
			);
			buildRules = (
			);
			dependencies = (
				09C4C7C31E43E5EA00183551 /* PBXTargetDependency */,
			);
			name = "CMMS AppTests";
			productName = "CMMS AppTests";
			productReference = 09C4C7C11E43E5EA00183551 /* CMMS AppTests.xctest */;
			productType = "com.apple.product-type.bundle.unit-test";
		};
/* End PBXNativeTarget section */

/* Begin PBXProject section */
		09C4C7A51E43E5EA00183551 /* Project object */ = {
			isa = PBXProject;
			attributes = {
				LastSwiftUpdateCheck = 0820;
				LastUpgradeCheck = 0820;
				ORGANIZATIONNAME = "Spencer Davis";
				TargetAttributes = {
					09C4C7AC1E43E5EA00183551 = {
						CreatedOnToolsVersion = 8.2.1;
						ProvisioningStyle = Automatic;
					};
					09C4C7C01E43E5EA00183551 = {
						CreatedOnToolsVersion = 8.2.1;
						ProvisioningStyle = Automatic;
						TestTargetID = 09C4C7AC1E43E5EA00183551;
					};
				};
			};
			buildConfigurationList = 09C4C7A81E43E5EA00183551 /* Build configuration list for PBXProject "CMMS App" */;
			compatibilityVersion = "Xcode 3.2";
			developmentRegion = English;
			hasScannedForEncodings = 0;
			knownRegions = (
				en,
				Base,
			);
			mainGroup = 09C4C7A41E43E5EA00183551;
			productRefGroup = 09C4C7AE1E43E5EA00183551 /* Products */;
			projectDirPath = "";
			projectRoot = "";
			targets = (
				09C4C7AC1E43E5EA00183551 /* CMMS App */,
				09C4C7C01E43E5EA00183551 /* CMMS AppTests */,
			);
		};
/* End PBXProject section */

/* Begin PBXResourcesBuildPhase section */
		09C4C7AB1E43E5EA00183551 /* Resources */ = {
			isa = PBXResourcesBuildPhase;
			buildActionMask = 2147483647;
			files = (
				09C4C7BB1E43E5EA00183551 /* LaunchScreen.storyboard in Resources */,
				09C4C7B81E43E5EA00183551 /* Assets.xcassets in Resources */,
				09E0C53F1E4A92DB00E50524 /* GoogleService-Info.plist in Resources */,
				09C4C7B61E43E5EA00183551 /* Main.storyboard in Resources */,
			);
			runOnlyForDeploymentPostprocessing = 0;
		};
		09C4C7BF1E43E5EA00183551 /* Resources */ = {
			isa = PBXResourcesBuildPhase;
			buildActionMask = 2147483647;
			files = (
			);
			runOnlyForDeploymentPostprocessing = 0;
		};
/* End PBXResourcesBuildPhase section */

/* Begin PBXShellScriptBuildPhase section */
		2743EB423BBDB793F026C1D9 /* [CP] Embed Pods Frameworks */ = {
			isa = PBXShellScriptBuildPhase;
			buildActionMask = 2147483647;
			files = (
			);
			inputPaths = (
			);
			name = "[CP] Embed Pods Frameworks";
			outputPaths = (
			);
			runOnlyForDeploymentPostprocessing = 0;
			shellPath = /bin/sh;
			shellScript = "\"${SRCROOT}/Pods/Target Support Files/Pods-CMMS App/Pods-CMMS App-frameworks.sh\"\n";
			showEnvVarsInLog = 0;
		};
		2CC724CF1E61113CCC8FA180 /* [CP] Copy Pods Resources */ = {
			isa = PBXShellScriptBuildPhase;
			buildActionMask = 2147483647;
			files = (
			);
			inputPaths = (
			);
			name = "[CP] Copy Pods Resources";
			outputPaths = (
			);
			runOnlyForDeploymentPostprocessing = 0;
			shellPath = /bin/sh;
			shellScript = "\"${SRCROOT}/Pods/Target Support Files/Pods-CMMS AppTests/Pods-CMMS AppTests-resources.sh\"\n";
			showEnvVarsInLog = 0;
		};
		578DE94E9F62E4DCAD0E386D /* [CP] Check Pods Manifest.lock */ = {
			isa = PBXShellScriptBuildPhase;
			buildActionMask = 2147483647;
			files = (
			);
			inputPaths = (
			);
			name = "[CP] Check Pods Manifest.lock";
			outputPaths = (
			);
			runOnlyForDeploymentPostprocessing = 0;
			shellPath = /bin/sh;
			shellScript = "diff \"${PODS_ROOT}/../Podfile.lock\" \"${PODS_ROOT}/Manifest.lock\" > /dev/null\nif [ $? != 0 ] ; then\n    # print error to STDERR\n    echo \"error: The sandbox is not in sync with the Podfile.lock. Run 'pod install' or update your CocoaPods installation.\" >&2\n    exit 1\nfi\n";
			showEnvVarsInLog = 0;
		};
		72BBCC870E446512F2C83BFC /* [CP] Copy Pods Resources */ = {
			isa = PBXShellScriptBuildPhase;
			buildActionMask = 2147483647;
			files = (
			);
			inputPaths = (
			);
			name = "[CP] Copy Pods Resources";
			outputPaths = (
			);
			runOnlyForDeploymentPostprocessing = 0;
			shellPath = /bin/sh;
			shellScript = "\"${SRCROOT}/Pods/Target Support Files/Pods-CMMS App/Pods-CMMS App-resources.sh\"\n";
			showEnvVarsInLog = 0;
		};
		7A130AE00D462797D9F20DD4 /* [CP] Check Pods Manifest.lock */ = {
			isa = PBXShellScriptBuildPhase;
			buildActionMask = 2147483647;
			files = (
			);
			inputPaths = (
			);
			name = "[CP] Check Pods Manifest.lock";
			outputPaths = (
			);
			runOnlyForDeploymentPostprocessing = 0;
			shellPath = /bin/sh;
			shellScript = "diff \"${PODS_ROOT}/../Podfile.lock\" \"${PODS_ROOT}/Manifest.lock\" > /dev/null\nif [ $? != 0 ] ; then\n    # print error to STDERR\n    echo \"error: The sandbox is not in sync with the Podfile.lock. Run 'pod install' or update your CocoaPods installation.\" >&2\n    exit 1\nfi\n";
			showEnvVarsInLog = 0;
		};
		819F766AD32DCBB3C019D70A /* [CP] Embed Pods Frameworks */ = {
			isa = PBXShellScriptBuildPhase;
			buildActionMask = 2147483647;
			files = (
			);
			inputPaths = (
			);
			name = "[CP] Embed Pods Frameworks";
			outputPaths = (
			);
			runOnlyForDeploymentPostprocessing = 0;
			shellPath = /bin/sh;
			shellScript = "\"${SRCROOT}/Pods/Target Support Files/Pods-CMMS AppTests/Pods-CMMS AppTests-frameworks.sh\"\n";
			showEnvVarsInLog = 0;
		};
/* End PBXShellScriptBuildPhase section */

/* Begin PBXSourcesBuildPhase section */
		09C4C7A91E43E5EA00183551 /* Sources */ = {
			isa = PBXSourcesBuildPhase;
			buildActionMask = 2147483647;
			files = (
				09C4C7B31E43E5EA00183551 /* ViewController.swift in Sources */,
				09C4C7B11E43E5EA00183551 /* AppDelegate.swift in Sources */,
			);
			runOnlyForDeploymentPostprocessing = 0;
		};
		09C4C7BD1E43E5EA00183551 /* Sources */ = {
			isa = PBXSourcesBuildPhase;
			buildActionMask = 2147483647;
			files = (
				09C4C7C61E43E5EA00183551 /* CMMS_AppTests.swift in Sources */,
			);
			runOnlyForDeploymentPostprocessing = 0;
		};
/* End PBXSourcesBuildPhase section */

/* Begin PBXTargetDependency section */
		09C4C7C31E43E5EA00183551 /* PBXTargetDependency */ = {
			isa = PBXTargetDependency;
			target = 09C4C7AC1E43E5EA00183551 /* CMMS App */;
			targetProxy = 09C4C7C21E43E5EA00183551 /* PBXContainerItemProxy */;
		};
/* End PBXTargetDependency section */

/* Begin PBXVariantGroup section */
		09C4C7B41E43E5EA00183551 /* Main.storyboard */ = {
			isa = PBXVariantGroup;
			children = (
				09C4C7B51E43E5EA00183551 /* Base */,
			);
			name = Main.storyboard;
			sourceTree = "<group>";
		};
		09C4C7B91E43E5EA00183551 /* LaunchScreen.storyboard */ = {
			isa = PBXVariantGroup;
			children = (
				09C4C7BA1E43E5EA00183551 /* Base */,
			);
			name = LaunchScreen.storyboard;
			sourceTree = "<group>";
		};
/* End PBXVariantGroup section */

/* Begin XCBuildConfiguration section */
		09C4C7C81E43E5EA00183551 /* Debug */ = {
			isa = XCBuildConfiguration;
			buildSettings = {
				ALWAYS_SEARCH_USER_PATHS = NO;
				CLANG_ANALYZER_NONNULL = YES;
				CLANG_CXX_LANGUAGE_STANDARD = "gnu++0x";
				CLANG_CXX_LIBRARY = "libc++";
				CLANG_ENABLE_MODULES = YES;
				CLANG_ENABLE_OBJC_ARC = YES;
				CLANG_WARN_BOOL_CONVERSION = YES;
				CLANG_WARN_CONSTANT_CONVERSION = YES;
				CLANG_WARN_DIRECT_OBJC_ISA_USAGE = YES_ERROR;
				CLANG_WARN_DOCUMENTATION_COMMENTS = YES;
				CLANG_WARN_EMPTY_BODY = YES;
				CLANG_WARN_ENUM_CONVERSION = YES;
				CLANG_WARN_INFINITE_RECURSION = YES;
				CLANG_WARN_INT_CONVERSION = YES;
				CLANG_WARN_OBJC_ROOT_CLASS = YES_ERROR;
				CLANG_WARN_SUSPICIOUS_MOVE = YES;
				CLANG_WARN_UNREACHABLE_CODE = YES;
				CLANG_WARN__DUPLICATE_METHOD_MATCH = YES;
				"CODE_SIGN_IDENTITY[sdk=iphoneos*]" = "iPhone Developer";
				COPY_PHASE_STRIP = NO;
				DEBUG_INFORMATION_FORMAT = dwarf;
				ENABLE_STRICT_OBJC_MSGSEND = YES;
				ENABLE_TESTABILITY = YES;
				GCC_C_LANGUAGE_STANDARD = gnu99;
				GCC_DYNAMIC_NO_PIC = NO;
				GCC_NO_COMMON_BLOCKS = YES;
				GCC_OPTIMIZATION_LEVEL = 0;
				GCC_PREPROCESSOR_DEFINITIONS = (
					"DEBUG=1",
					"$(inherited)",
				);
				GCC_WARN_64_TO_32_BIT_CONVERSION = YES;
				GCC_WARN_ABOUT_RETURN_TYPE = YES_ERROR;
				GCC_WARN_UNDECLARED_SELECTOR = YES;
				GCC_WARN_UNINITIALIZED_AUTOS = YES_AGGRESSIVE;
				GCC_WARN_UNUSED_FUNCTION = YES;
				GCC_WARN_UNUSED_VARIABLE = YES;
				IPHONEOS_DEPLOYMENT_TARGET = 10.2;
				MTL_ENABLE_DEBUG_INFO = YES;
				ONLY_ACTIVE_ARCH = YES;
				SDKROOT = iphoneos;
				SWIFT_ACTIVE_COMPILATION_CONDITIONS = DEBUG;
				SWIFT_OPTIMIZATION_LEVEL = "-Onone";
				TARGETED_DEVICE_FAMILY = "1,2";
			};
			name = Debug;
		};
		09C4C7C91E43E5EA00183551 /* Release */ = {
			isa = XCBuildConfiguration;
			buildSettings = {
				ALWAYS_SEARCH_USER_PATHS = NO;
				CLANG_ANALYZER_NONNULL = YES;
				CLANG_CXX_LANGUAGE_STANDARD = "gnu++0x";
				CLANG_CXX_LIBRARY = "libc++";
				CLANG_ENABLE_MODULES = YES;
				CLANG_ENABLE_OBJC_ARC = YES;
				CLANG_WARN_BOOL_CONVERSION = YES;
				CLANG_WARN_CONSTANT_CONVERSION = YES;
				CLANG_WARN_DIRECT_OBJC_ISA_USAGE = YES_ERROR;
				CLANG_WARN_DOCUMENTATION_COMMENTS = YES;
				CLANG_WARN_EMPTY_BODY = YES;
				CLANG_WARN_ENUM_CONVERSION = YES;
				CLANG_WARN_INFINITE_RECURSION = YES;
				CLANG_WARN_INT_CONVERSION = YES;
				CLANG_WARN_OBJC_ROOT_CLASS = YES_ERROR;
				CLANG_WARN_SUSPICIOUS_MOVE = YES;
				CLANG_WARN_UNREACHABLE_CODE = YES;
				CLANG_WARN__DUPLICATE_METHOD_MATCH = YES;
				"CODE_SIGN_IDENTITY[sdk=iphoneos*]" = "iPhone Developer";
				COPY_PHASE_STRIP = NO;
				DEBUG_INFORMATION_FORMAT = "dwarf-with-dsym";
				ENABLE_NS_ASSERTIONS = NO;
				ENABLE_STRICT_OBJC_MSGSEND = YES;
				GCC_C_LANGUAGE_STANDARD = gnu99;
				GCC_NO_COMMON_BLOCKS = YES;
				GCC_WARN_64_TO_32_BIT_CONVERSION = YES;
				GCC_WARN_ABOUT_RETURN_TYPE = YES_ERROR;
				GCC_WARN_UNDECLARED_SELECTOR = YES;
				GCC_WARN_UNINITIALIZED_AUTOS = YES_AGGRESSIVE;
				GCC_WARN_UNUSED_FUNCTION = YES;
				GCC_WARN_UNUSED_VARIABLE = YES;
				IPHONEOS_DEPLOYMENT_TARGET = 10.2;
				MTL_ENABLE_DEBUG_INFO = NO;
				SDKROOT = iphoneos;
				SWIFT_OPTIMIZATION_LEVEL = "-Owholemodule";
				TARGETED_DEVICE_FAMILY = "1,2";
				VALIDATE_PRODUCT = YES;
			};
			name = Release;
		};
		09C4C7CB1E43E5EA00183551 /* Debug */ = {
			isa = XCBuildConfiguration;
			baseConfigurationReference = 2DCBF331F4EBDF2AD41D737E /* Pods-CMMS App.debug.xcconfig */;
			buildSettings = {
				ASSETCATALOG_COMPILER_APPICON_NAME = AppIcon;
				INFOPLIST_FILE = "CMMS App/Info.plist";
				LD_RUNPATH_SEARCH_PATHS = "$(inherited) @executable_path/Frameworks";
				PRODUCT_BUNDLE_IDENTIFIER = "com.example.CMMS-App";
				PRODUCT_NAME = "$(TARGET_NAME)";
				SWIFT_VERSION = 3.0;
			};
			name = Debug;
		};
		09C4C7CC1E43E5EA00183551 /* Release */ = {
			isa = XCBuildConfiguration;
			baseConfigurationReference = 6CEC3952512077F60A3AC5DD /* Pods-CMMS App.release.xcconfig */;
			buildSettings = {
				ASSETCATALOG_COMPILER_APPICON_NAME = AppIcon;
				INFOPLIST_FILE = "CMMS App/Info.plist";
				LD_RUNPATH_SEARCH_PATHS = "$(inherited) @executable_path/Frameworks";
				PRODUCT_BUNDLE_IDENTIFIER = "com.example.CMMS-App";
				PRODUCT_NAME = "$(TARGET_NAME)";
				SWIFT_VERSION = 3.0;
			};
			name = Release;
		};
		09C4C7CE1E43E5EA00183551 /* Debug */ = {
			isa = XCBuildConfiguration;
			baseConfigurationReference = DD2154EC66E0BBF17AF65C2E /* Pods-CMMS AppTests.debug.xcconfig */;
			buildSettings = {
				ALWAYS_EMBED_SWIFT_STANDARD_LIBRARIES = YES;
				BUNDLE_LOADER = "$(TEST_HOST)";
				INFOPLIST_FILE = "CMMS AppTests/Info.plist";
				LD_RUNPATH_SEARCH_PATHS = "$(inherited) @executable_path/Frameworks @loader_path/Frameworks";
				PRODUCT_BUNDLE_IDENTIFIER = "com.example.CMMS-AppTests";
				PRODUCT_NAME = "$(TARGET_NAME)";
				SWIFT_VERSION = 3.0;
				TEST_HOST = "$(BUILT_PRODUCTS_DIR)/CMMS App.app/CMMS App";
			};
			name = Debug;
		};
		09C4C7CF1E43E5EA00183551 /* Release */ = {
			isa = XCBuildConfiguration;
			baseConfigurationReference = 73048C5CA1DE168F5A6CDE08 /* Pods-CMMS AppTests.release.xcconfig */;
			buildSettings = {
				ALWAYS_EMBED_SWIFT_STANDARD_LIBRARIES = YES;
				BUNDLE_LOADER = "$(TEST_HOST)";
				INFOPLIST_FILE = "CMMS AppTests/Info.plist";
				LD_RUNPATH_SEARCH_PATHS = "$(inherited) @executable_path/Frameworks @loader_path/Frameworks";
				PRODUCT_BUNDLE_IDENTIFIER = "com.example.CMMS-AppTests";
				PRODUCT_NAME = "$(TARGET_NAME)";
				SWIFT_VERSION = 3.0;
				TEST_HOST = "$(BUILT_PRODUCTS_DIR)/CMMS App.app/CMMS App";
			};
			name = Release;
		};
/* End XCBuildConfiguration section */

/* Begin XCConfigurationList section */
		09C4C7A81E43E5EA00183551 /* Build configuration list for PBXProject "CMMS App" */ = {
			isa = XCConfigurationList;
			buildConfigurations = (
				09C4C7C81E43E5EA00183551 /* Debug */,
				09C4C7C91E43E5EA00183551 /* Release */,
			);
			defaultConfigurationIsVisible = 0;
			defaultConfigurationName = Release;
		};
		09C4C7CA1E43E5EA00183551 /* Build configuration list for PBXNativeTarget "CMMS App" */ = {
			isa = XCConfigurationList;
			buildConfigurations = (
				09C4C7CB1E43E5EA00183551 /* Debug */,
				09C4C7CC1E43E5EA00183551 /* Release */,
			);
			defaultConfigurationIsVisible = 0;
			defaultConfigurationName = Release;
		};
		09C4C7CD1E43E5EA00183551 /* Build configuration list for PBXNativeTarget "CMMS AppTests" */ = {
			isa = XCConfigurationList;
			buildConfigurations = (
				09C4C7CE1E43E5EA00183551 /* Debug */,
				09C4C7CF1E43E5EA00183551 /* Release */,
			);
			defaultConfigurationIsVisible = 0;
			defaultConfigurationName = Release;
		};
/* End XCConfigurationList section */
	};
	rootObject = 09C4C7A51E43E5EA00183551 /* Project object */;
}
